
Microsoft Visual Studio Solution File, Format Version 12.00
# Visual Studio Version 16
VisualStudioVersion = 16.0.30717.126
MinimumVisualStudioVersion = 10.0.40219.1
Project("{FAE04EC0-301F-11D3-BF4B-00C04F79EFBC}") = "WCFService_2Way_098", "WCFService_2Way_098\WCFService_2Way_098.csproj", "{88590A17-76AD-4D75-976D-F1B474027610}"
EndProject
Global
	GlobalSection(SolutionConfigurationPlatforms) = preSolution
		Debug|Any CPU = Debug|Any CPU
		Release|Any CPU = Release|Any CPU
	EndGlobalSection
	GlobalSection(ProjectConfigurationPlatforms) = postSolution
		{88590A17-76AD-4D75-976D-F1B474027610}.Debug|Any CPU.ActiveCfg = Debug|Any CPU
		{88590A17-76AD-4D75-976D-F1B474027610}.Debug|Any CPU.Build.0 = Debug|Any CPU
		{88590A17-76AD-4D75-976D-F1B474027610}.Release|Any CPU.ActiveCfg = Release|Any CPU
		{88590A17-76AD-4D75-976D-F1B474027610}.Release|Any CPU.Build.0 = Release|Any CPU
	EndGlobalSection
	GlobalSection(SolutionProperties) = preSolution
		HideSolutionNode = FALSE
	EndGlobalSection
	GlobalSection(ExtensibilityGlobals) = postSolution
		SolutionGuid = {AFC9086F-EC3B-4C35-8C87-C9404C5DCF4F}
	EndGlobalSection
EndGlobal
